[[package]]
name = "appdirs"
version = "1.4.3"
description = "A small Python module for determining appropriate platform-specific dirs, e.g. a \"user data dir\"."
category = "dev"
optional = false
python-versions = "*"

[[package]]
name = "attrs"
version = "19.2.0"
description = "Classes Without Boilerplate"
category = "dev"
optional = false
python-versions = ">=2.7, !=3.0.*, !=3.1.*, !=3.2.*, !=3.3.*"

[package.extras]
azure-pipelines = ["coverage", "hypothesis", "pympler", "pytest (>=4.3.0)", "six", "zope.interface", "pytest-azurepipelines"]
dev = ["coverage", "hypothesis", "pympler", "pytest (>=4.3.0)", "six", "zope.interface", "sphinx", "pre-commit"]
docs = ["sphinx", "zope.interface"]
tests = ["coverage", "hypothesis", "pympler", "pytest (>=4.3.0)", "six", "zope.interface"]

[[package]]
name = "black"
version = "19.3b0"
description = "The uncompromising code formatter."
category = "dev"
optional = false
python-versions = ">=3.6"

[package.dependencies]
appdirs = "*"
attrs = ">=18.1.0"
click = ">=6.5"
toml = ">=0.9.4"

[package.extras]
d = ["aiohttp (>=3.3.2)", "aiohttp-cors"]

[[package]]
name = "cchardet"
version = "2.1.6"
description = "cChardet is high speed universal character encoding detector."
category = "main"
optional = false
python-versions = "*"

[[package]]
name = "click"
version = "7.0"
description = "Composable command line interface toolkit"
category = "dev"
optional = false
python-versions = ">=2.7, !=3.0.*, !=3.1.*, !=3.2.*, !=3.3.*"

[[package]]
name = "fonttools"
version = "4.16.1"
description = "Tools to manipulate font files"
category = "main"
optional = false
python-versions = ">=3.6"

[package.extras]
all = ["fs (>=2.2.0,<3)", "lxml (>=4.0,<5)", "zopfli (>=0.1.4)", "lz4 (>=1.7.4.2)", "matplotlib", "sympy", "skia-pathops (>=0.5.0)", "brotli (>=1.0.1)", "scipy", "brotlipy (>=0.7.0)", "munkres", "unicodedata2 (>=13.0.0)", "xattr"]
graphite = ["lz4 (>=1.7.4.2)"]
interpolatable = ["scipy", "munkres"]
lxml = ["lxml (>=4.0,<5)"]
pathops = ["skia-pathops (>=0.5.0)"]
plot = ["matplotlib"]
symfont = ["sympy"]
type1 = ["xattr"]
ufo = ["fs (>=2.2.0,<3)"]
unicode = ["unicodedata2 (>=13.0.0)"]
woff = ["zopfli (>=0.1.4)", "brotli (>=1.0.1)", "brotlipy (>=0.7.0)"]

[[package]]
name = "toml"
version = "0.10.0"
description = "Python Library for Tom's Obvious, Minimal Language"
category = "dev"
optional = false
python-versions = "*"

[metadata]
lock-version = "1.1"
python-versions = "^3.7"
content-hash = "2ee3fc929c450f9fb4218b5cdba5cbc357c2d8dc1264aff6376b6cc43d282e15"

[metadata.files]
appdirs = [
    {file = "appdirs-1.4.3-py2.py3-none-any.whl", hash = "sha256:d8b24664561d0d34ddfaec54636d502d7cea6e29c3eaf68f3df6180863e2166e"},
    {file = "appdirs-1.4.3.tar.gz", hash = "sha256:9e5896d1372858f8dd3344faf4e5014d21849c756c8d5701f78f8a103b372d92"},
]
attrs = [
    {file = "attrs-19.2.0-py2.py3-none-any.whl", hash = "sha256:ec20e7a4825331c1b5ebf261d111e16fa9612c1f7a5e1f884f12bd53a664dfd2"},
    {file = "attrs-19.2.0.tar.gz", hash = "sha256:f913492e1663d3c36f502e5e9ba6cd13cf19d7fab50aa13239e420fef95e1396"},
]
black = [
    {file = "black-19.3b0-py36-none-any.whl", hash = "sha256:09a9dcb7c46ed496a9850b76e4e825d6049ecd38b611f1224857a79bd985a8cf"},
    {file = "black-19.3b0.tar.gz", hash = "sha256:68950ffd4d9169716bcb8719a56c07a2f4485354fec061cdd5910aa07369731c"},
]
cchardet = [
    {file = "cchardet-2.1.6-cp35-cp35m-macosx_10_9_x86_64.whl", hash = "sha256:2aa1b008965c703ad6597361b0f6d427c8971fe94a2c99ec3724c228ae50d6a6"},
    {file = "cchardet-2.1.6-cp35-cp35m-manylinux1_i686.whl", hash = "sha256:fd16f57ce42a72397cd9fe38977fc809eb02172731cb354572f28a6d8e4cf322"},
    {file = "cchardet-2.1.6-cp35-cp35m-manylinux1_x86_64.whl", hash = "sha256:953fe382304b19f5aa8fc2da4b092a3bb58a477d33af4def4b81abdce4c9288c"},
    {file = "cchardet-2.1.6-cp35-cp35m-manylinux2010_i686.whl", hash = "sha256:ccb9f6f06265382028468b47e726f2d42539256fb498d1b0e473c39037b42b8a"},
    {file = "cchardet-2.1.6-cp35-cp35m-manylinux2010_x86_64.whl", hash = "sha256:2c05b66b12f9ab0493c5ffb666036fd8c9004a9cc9d5a9264dc24738b50ab8c3"},
    {file = "cchardet-2.1.6-cp35-cp35m-win32.whl", hash = "sha256:dff9480d9b6260f59ad10e1cec5be13905be5da88a4a2bd5a5bd4d49c49c4a05"},
    {file = "cchardet-2.1.6-cp35-cp35m-win_amd64.whl", hash = "sha256:84d2ce838cf3c2fe7f0517941702d42f7e598e5173632ec47a113cd521669b98"},
    {file = "cchardet-2.1.6-cp36-cp36m-macosx_10_9_x86_64.whl", hash = "sha256:4486f6e5bdf06f0081d13832f2a061d9e90597eb02093fda9d37e3985e3b2ef2"},
    {file = "cchardet-2.1.6-cp36-cp36m-manylinux1_i686.whl", hash = "sha256:7a2d98df461d3f36b403fdd8d7890c823ed05bd98eb074412ed56fbfedb94751"},
    {file = "cchardet-2.1.6-cp36-cp36m-manylinux1_x86_64.whl", hash = "sha256:27b0f23088873d1dd36d2c8a2e45c9167e312e1aac7e4baeb47f7428a2669638"},
    {file = "cchardet-2.1.6-cp36-cp36m-manylinux2010_i686.whl", hash = "sha256:cf134e1cfb0c53f08abb1ab9158a7e7f859c3ddb451d5fe535a2cc5f2958a688"},
    {file = "cchardet-2.1.6-cp36-cp36m-manylinux2010_x86_64.whl", hash = "sha256:f5c94994d876d8709847c3a92643309d716f43716580a2e5831262366a9ee8b6"},
    {file = "cchardet-2.1.6-cp36-cp36m-win32.whl", hash = "sha256:217a7008bd399bdb61f6a0a2570acc5c3a9f96140e0a0d089b9e748c4d4e4c4e"},
    {file = "cchardet-2.1.6-cp36-cp36m-win_amd64.whl", hash = "sha256:2a958fb093f69ee5f16be7a1aee5122e07aff4350fa4dc9b953b87c34468e605"},
    {file = "cchardet-2.1.6-cp37-cp37m-macosx_10_9_x86_64.whl", hash = "sha256:4096759825a130cb27a58ddf6d58e10abdd0127d29fbf53fde26df7ad879737b"},
    {file = "cchardet-2.1.6-cp37-cp37m-manylinux1_i686.whl", hash = "sha256:7bba1cbb4358dc9a2d2da00f4b38b159a5483d2f3b1d698a7c2cae518f955170"},
    {file = "cchardet-2.1.6-cp37-cp37m-manylinux1_x86_64.whl", hash = "sha256:0f6e4e464e332da776b9c1a34e4e83b6301d38c2724efc93848c46ade66d02bb"},
    {file = "cchardet-2.1.6-cp37-cp37m-manylinux2010_i686.whl", hash = "sha256:acc96b4a8f756af289fa90ffa67ddef57401d99131e51e71872e3609483941ce"},
    {file = "cchardet-2.1.6-cp37-cp37m-manylinux2010_x86_64.whl", hash = "sha256:79b0e113144c2ef0050bc9fe647c7657c5298f3012ecd8937d930b24ddd61404"},
    {file = "cchardet-2.1.6-cp37-cp37m-win32.whl", hash = "sha256:8b1d02c99f6444c63336a76638741eaf4ac4005b454e3b8252a40074bf0d84a1"},
    {file = "cchardet-2.1.6-cp37-cp37m-win_amd64.whl", hash = "sha256:e27771798c8ad50df1375e762d59369354af94eb8ac21eca5bfd1eeef589f545"},
    {file = "cchardet-2.1.6-cp38-cp38-macosx_10_9_x86_64.whl", hash = "sha256:68409e00d75ff13dd7a192ec49559f5527ee8959a51a9f4dd7b168df972b4d44"},
    {file = "cchardet-2.1.6-cp38-cp38-manylinux1_i686.whl", hash = "sha256:40c199f9c0569ac479fae7c4e12d2e16fc1e8237836b928474fdd228b8d11477"},
    {file = "cchardet-2.1.6-cp38-cp38-manylinux1_x86_64.whl", hash = "sha256:8f7ade2578b2326a0a554c03f60c8d079331220179a592e83e143c9556b7f5b2"},
    {file = "cchardet-2.1.6-cp38-cp38-manylinux2010_i686.whl", hash = "sha256:5e38cfad9d3ca0f571c4352e9ca0f5ab718508f492a37d3236ae70810140e250"},
    {file = "cchardet-2.1.6-cp38-cp38-manylinux2010_x86_64.whl", hash = "sha256:af284494ea6c40f9613b4d939abe585eb9290cb92037eab66122c93190fcb338"},
    {file = "cchardet-2.1.6-cp38-cp38-win32.whl", hash = "sha256:54d2653520237ebbd2928f2c0f2eb7c616ee2b5194d73d945060cd54a7846b64"},
    {file = "cchardet-2.1.6-cp38-cp38-win_amd64.whl", hash = "sha256:f245f045054e8d6dab2a0e366d3c74f3a47fb7dec2595ae2035b234b1a829c7a"},
    {file = "cchardet-2.1.6.tar.gz", hash = "sha256:b76afb2059ad69eab576949980a17413c1e9e5a5624abf9e43542d8853f146b3"},
]
click = [
    {file = "Click-7.0-py2.py3-none-any.whl", hash = "sha256:2335065e6395b9e67ca716de5f7526736bfa6ceead690adf616d925bdc622b13"},
    {file = "Click-7.0.tar.gz", hash = "sha256:5b94b49521f6456670fdb30cd82a4eca9412788a93fa6dd6df72c94d5a8ff2d7"},
]
fonttools = [
    {file = "fonttools-4.16.1-py3-none-any.whl", hash = "sha256:7fc6ce45828513ece6f9f9bda26968b3eab62482a35623159ea302bbf368de9f"},
    {file = "fonttools-4.16.1.zip", hash = "sha256:991eb05e0366af5a6e620551f950a4f49433c5a8de70770a7066bcbe78bb86cc"},
]
toml = [
    {file = "toml-0.10.0-py2.7.egg", hash = "sha256:f1db651f9657708513243e61e6cc67d101a39bad662eaa9b5546f789338e07a3"},
    {file = "toml-0.10.0-py2.py3-none-any.whl", hash = "sha256:235682dd292d5899d361a811df37e04a8828a5b1da3115886b73cf81ebc9100e"},
    {file = "toml-0.10.0.tar.gz", hash = "sha256:229f81c57791a41d65e399fc06bf0848bab550a9dfd5ed66df18ce5f05e73d5c"},
]
