[[package]]
category = "dev"
description = "A small Python module for determining appropriate platform-specific dirs, e.g. a \"user data dir\"."
name = "appdirs"
optional = false
python-versions = "*"
version = "1.4.3"

[[package]]
category = "dev"
description = "Classes Without Boilerplate"
name = "attrs"
optional = false
python-versions = ">=2.7, !=3.0.*, !=3.1.*, !=3.2.*, !=3.3.*"
version = "19.2.0"

[package.extras]
azure-pipelines = ["coverage", "hypothesis", "pympler", "pytest (>=4.3.0)", "six", "zope.interface", "pytest-azurepipelines"]
dev = ["coverage", "hypothesis", "pympler", "pytest (>=4.3.0)", "six", "zope.interface", "sphinx", "pre-commit"]
docs = ["sphinx", "zope.interface"]
tests = ["coverage", "hypothesis", "pympler", "pytest (>=4.3.0)", "six", "zope.interface"]

[[package]]
category = "dev"
description = "The uncompromising code formatter."
name = "black"
optional = false
python-versions = ">=3.6"
version = "19.3b0"

[package.dependencies]
appdirs = "*"
attrs = ">=18.1.0"
click = ">=6.5"
toml = ">=0.9.4"

[package.extras]
d = ["aiohttp (>=3.3.2)", "aiohttp-cors"]

[[package]]
category = "main"
description = "cChardet is high speed universal character encoding detector."
name = "cchardet"
optional = false
python-versions = "*"
version = "2.1.4"

[[package]]
category = "dev"
description = "Composable command line interface toolkit"
name = "click"
optional = false
python-versions = ">=2.7, !=3.0.*, !=3.1.*, !=3.2.*, !=3.3.*"
version = "7.0"

[[package]]
category = "main"
description = "Tools to manipulate font files"
name = "fonttools"
optional = false
python-versions = ">=3.6"
version = "4.0.2"

[package.extras]
all = ["fs (>=2.2.0,<3)", "lxml (>=4.0,<5)", "zopfli (>=0.1.4)", "lz4 (>=1.7.4.2)", "matplotlib", "sympy", "brotli (>=1.0.1)", "scipy", "brotlipy (>=0.7.0)", "munkres", "unicodedata2 (>=12.0.0)", "xattr"]
graphite = ["lz4 (>=1.7.4.2)"]
interpolatable = ["scipy", "munkres"]
lxml = ["lxml (>=4.0,<5)"]
plot = ["matplotlib"]
symfont = ["sympy"]
type1 = ["xattr"]
ufo = ["fs (>=2.2.0,<3)"]
unicode = ["unicodedata2 (>=12.0.0)"]
woff = ["zopfli (>=0.1.4)", "brotli (>=1.0.1)", "brotlipy (>=0.7.0)"]

[[package]]
category = "dev"
description = "Python Library for Tom's Obvious, Minimal Language"
name = "toml"
optional = false
python-versions = "*"
version = "0.10.0"

[metadata]
content-hash = "a3fac88e40980b9f0c672907457d780155226167592c499393ba54fc6d372a02"
python-versions = "^3.7"

[metadata.hashes]
appdirs = ["9e5896d1372858f8dd3344faf4e5014d21849c756c8d5701f78f8a103b372d92", "d8b24664561d0d34ddfaec54636d502d7cea6e29c3eaf68f3df6180863e2166e"]
attrs = ["ec20e7a4825331c1b5ebf261d111e16fa9612c1f7a5e1f884f12bd53a664dfd2", "f913492e1663d3c36f502e5e9ba6cd13cf19d7fab50aa13239e420fef95e1396"]
black = ["09a9dcb7c46ed496a9850b76e4e825d6049ecd38b611f1224857a79bd985a8cf", "68950ffd4d9169716bcb8719a56c07a2f4485354fec061cdd5910aa07369731c"]
cchardet = ["079aa02a14072874d943a671ba778a9def5b0e3cedc2ac9f59308526cfb31472", "3e048a21688dcb4c797f40c8deb3600887bcaf435620256fd8becd4252012750", "41fced7a6f05ef859fe3eac89fc2120aca3cbbfd2b6c803bed3ee4bf02956903", "440903d5dca3d326f4b841e7fa760b6af1be4f950ead1a6ff77b76eaa46f0cd3", "50170f346527c5df4d3cb94648ca187c666e61c0db6e510b984e867c44709d8b", "6c55a6e7bc7337671c9f1ad90746c0efb2b2979ff4305c7ca1d7d381f05174c1", "7f581ea172b252034f745dfd49733966b73b73907bdef0b47ad5f2008b797d54", "80f7b087198827e60c81574c321b12f89188eae626ae1567d66808928be42f88", "8ba753ff73ca2f3554999a0e027eab9450f6ffdb7e92e1b4e13b52be89995349", "9ad8f61d6d1ca37bd4b954ad92d461ea4f58d0dc413b0790a5abed7c09e54996", "a35bd23cedbaa87cc9300af1dd10bb03fda41894045fbca7bfdf1d350b813f25", "a8feb9a7def2310e18c27e485a21a38669abe8c2e36b93c6ce1a1363495d4cdf", "aa9dd4cee8a5210a6d0a7b263b98dc50637e00401fc4a5ad3ce2dbef54fdfa02", "ab9858a0673262e467619df91f425cfef0590dcf5deef5c0c7945e9dc4dbd7d8", "b09a488bbb35be95f82845e3c4312be9025e8377975b027eee67e0b39445e070", "b2893d558761b3534cddf5a49ba8d77df3d8f964d7b14680b925f4a85fc13476", "b5a8f9b229a30cd2432572d15e169483bc47c24418772ff58d0585050631c2fd", "bded54eeccd5f810bc69e076b3d9a35819a92e5e0559ad274b9ae9061b1b881d", "cbc206061e69561af6e4cba11f99abd928346c6b5bcdc83eb32ae40e9fc23a5f", "cc9745e0400da4cfb49f075e7819f22473b66443f953427058fee2c7b9547cc0", "db30bf3825702c07fc55a290d41663fd8151f870642a15667bbabf81fff21e0b", "eeeb1b95bb5851dda93ee522860a0e6066d47921cb1d540cb778346e37e5a524", "f1c3919fb71ac5da3aeee42c5b731c99dcd2beed71db7fdc28ca993c173f0402"]
click = ["2335065e6395b9e67ca716de5f7526736bfa6ceead690adf616d925bdc622b13", "5b94b49521f6456670fdb30cd82a4eca9412788a93fa6dd6df72c94d5a8ff2d7"]
fonttools = ["bb9bf6b5b4ded33e0d9f823e5ae2e1fa643af4d614915660abe3853a9a6931cd", "c8665a202d7f5e8527c1f0b562f11994f799167af3fcaf80d52c6c0ea3c5eff0"]
toml = ["229f81c57791a41d65e399fc06bf0848bab550a9dfd5ed66df18ce5f05e73d5c", "235682dd292d5899d361a811df37e04a8828a5b1da3115886b73cf81ebc9100e", "f1db651f9657708513243e61e6cc67d101a39bad662eaa9b5546f789338e07a3"]
